version = 1
revision = 2
requires-python = ">=3.13"

[[package]]
name = "asgiref"
version = "3.10.0"
source = { registry = "https://pypi.org/simple" }
sdist = { url = "https://files.pythonhosted.org/packages/46/08/4dfec9b90758a59acc6be32ac82e98d1fbfc321cb5cfa410436dbacf821c/asgiref-3.10.0.tar.gz", hash = "sha256:d89f2d8cd8b56dada7d52fa7dc8075baa08fb836560710d38c292a7a3f78c04e", size = 37483, upload-time = "2025-10-05T09:15:06.557Z" }
wheels = [
    { url = "https://files.pythonhosted.org/packages/17/9c/fc2331f538fbf7eedba64b2052e99ccf9ba9d6888e2f41441ee28847004b/asgiref-3.10.0-py3-none-any.whl", hash = "sha256:aef8a81283a34d0ab31630c9b7dfe70c812c95eba78171367ca8745e88124734", size = 24050, upload-time = "2025-10-05T09:15:05.11Z" },
]

[[package]]
name = "django"
version = "5.2.8"
source = { registry = "https://pypi.org/simple" }
dependencies = [
    { name = "asgiref" },
    { name = "sqlparse" },
    { name = "tzdata", marker = "sys_platform == 'win32'" },
]
sdist = { url = "https://files.pythonhosted.org/packages/05/a2/933dbbb3dd9990494960f6e64aca2af4c0745b63b7113f59a822df92329e/django-5.2.8.tar.gz", hash = "sha256:23254866a5bb9a2cfa6004e8b809ec6246eba4b58a7589bc2772f1bcc8456c7f", size = 10849032, upload-time = "2025-11-05T14:07:32.778Z" }
wheels = [
    { url = "https://files.pythonhosted.org/packages/5e/3d/a035a4ee9b1d4d4beee2ae6e8e12fe6dee5514b21f62504e22efcbd9fb46/django-5.2.8-py3-none-any.whl", hash = "sha256:37e687f7bd73ddf043e2b6b97cfe02fcbb11f2dbb3adccc6a2b18c6daa054d7f", size = 8289692, upload-time = "2025-11-05T14:07:28.761Z" },
]

[[package]]
name = "django-phone-verify"
version = "3.2.0"
source = { registry = "https://pypi.org/simple" }
dependencies = [
    { name = "django" },
    { name = "django-phonenumber-field" },
    { name = "djangorestframework" },
    { name = "phonenumberslite" },
    { name = "pyjwt" },
    { name = "python-dotenv" },
]
sdist = { url = "https://files.pythonhosted.org/packages/01/ed/8b11a0287e18c5cb11202561371bfbfff9ebe59a2de39268ac1628cc0ea1/django_phone_verify-3.2.0.tar.gz", hash = "sha256:b70eaeb250ddf0a3686ca6815a6e6961b0c712e1b1cbd43300779094216324f7", size = 9694421, upload-time = "2025-10-19T02:10:24.006Z" }
wheels = [
    { url = "https://files.pythonhosted.org/packages/5c/32/f6ca3088f94b2ceb770dcea6a13c6905cd1183b42feab12298a546d31f15/django_phone_verify-3.2.0-py3-none-any.whl", hash = "sha256:0c5ae1484dcc56df4de761f092461b691850345f526903d3220535c53a579928", size = 31394, upload-time = "2025-10-19T02:10:21.989Z" },
]

[[package]]
name = "django-phonenumber-field"
version = "8.3.0"
source = { registry = "https://pypi.org/simple" }
dependencies = [
    { name = "django" },
]
sdist = { url = "https://files.pythonhosted.org/packages/cf/65/93e52cdc84803e62be6b2b953ed7b5c7ce21d5ff75e149433c6aaba22c00/django_phonenumber_field-8.3.0.tar.gz", hash = "sha256:193b3acc3b83ff4aad95dd9530a6d01e1c7c1cecbdfa8a56159789bbb85ab0e2", size = 45239, upload-time = "2025-10-06T14:57:01.447Z" }
wheels = [
    { url = "https://files.pythonhosted.org/packages/f1/55/fd4a0976805a05402ca04f3938f5d999f3803471a1eef8b65a9e259e5914/django_phonenumber_field-8.3.0-py3-none-any.whl", hash = "sha256:afaf8b16693c8d64646acf7693f5a9c4a809e7f1f9b66a84dabbe04a2d6c1513", size = 69530, upload-time = "2025-10-06T14:57:00.259Z" },
]

[[package]]
name = "djangorestframework"
version = "3.16.1"
source = { registry = "https://pypi.org/simple" }
dependencies = [
    { name = "django" },
]
sdist = { url = "https://files.pythonhosted.org/packages/8a/95/5376fe618646fde6899b3cdc85fd959716bb67542e273a76a80d9f326f27/djangorestframework-3.16.1.tar.gz", hash = "sha256:166809528b1aced0a17dc66c24492af18049f2c9420dbd0be29422029cfc3ff7", size = 1089735, upload-time = "2025-08-06T17:50:53.251Z" }
wheels = [
    { url = "https://files.pythonhosted.org/packages/b0/ce/bf8b9d3f415be4ac5588545b5fcdbbb841977db1c1d923f7568eeabe1689/djangorestframework-3.16.1-py3-none-any.whl", hash = "sha256:33a59f47fb9c85ede792cbf88bde71893bcda0667bc573f784649521f1102cec", size = 1080442, upload-time = "2025-08-06T17:50:50.667Z" },
]

[[package]]
name = "fiverr"
version = "0.1.0"
source = { virtual = "." }
dependencies = [
    { name = "django" },
    { name = "django-phone-verify" },
    { name = "django-phonenumber-field" },
    { name = "djangorestframework" },
    { name = "phonenumbers" },
    { name = "pyotp" },
    { name = "python-dotenv" },
]

[package.metadata]
requires-dist = [
    { name = "django", specifier = ">=5.2.8" },
    { name = "django-phone-verify", specifier = ">=3.2.0" },
    { name = "django-phonenumber-field", specifier = ">=8.3.0" },
    { name = "djangorestframework", specifier = ">=3.16.1" },
    { name = "phonenumbers", specifier = ">=9.0.18" },
    { name = "pyotp", specifier = ">=2.9.0" },
    { name = "python-dotenv", specifier = ">=1.2.1" },
]

[[package]]
name = "phonenumbers"
version = "9.0.18"
source = { registry = "https://pypi.org/simple" }
sdist = { url = "https://files.pythonhosted.org/packages/01/c6/0e3e736ddae9f64cba0ffacd898e274dca36d062a996abd35c8fe815646e/phonenumbers-9.0.18.tar.gz", hash = "sha256:5537c61ba95b11b992c95e804da6e49193cc06b1224f632ade64631518a48ed1", size = 2298264, upload-time = "2025-11-07T07:37:07.322Z" }
wheels = [
    { url = "https://files.pythonhosted.org/packages/19/b6/b17cf7488db707fee67022ea7eea6a33e8bbcf4b0cb5c9412878e8b182d3/phonenumbers-9.0.18-py2.py3-none-any.whl", hash = "sha256:d3354454ac31c97f8a08121df97a7145b8dca641f734c6f1518a41c2f60c5764", size = 2584121, upload-time = "2025-11-07T07:37:04.897Z" },
]

[[package]]
name = "phonenumberslite"
version = "9.0.18"
source = { registry = "https://pypi.org/simple" }
sdist = { url = "https://files.pythonhosted.org/packages/7e/e8/264d14cd7eee41d12f271d82e61d5c26c0406f648954a7382da5d02351e2/phonenumberslite-9.0.18.tar.gz", hash = "sha256:b50b55521e7da484c0b458ea8292c1538b4b233ad9aeadb543efc0e4658b02d6", size = 2298428, upload-time = "2025-11-07T07:36:49.478Z" }
wheels = [
    { url = "https://files.pythonhosted.org/packages/7c/37/ef345c005f13b9d36711c31c15823baffb668cd27c9b0df8d92d37645f8c/phonenumberslite-9.0.18-py2.py3-none-any.whl", hash = "sha256:32e5a7940b99fd0dac744022e00d98df3a7746a01a946746663ce527ffd47d86", size = 472558, upload-time = "2025-11-07T07:36:47.719Z" },
]

[[package]]
name = "pyjwt"
version = "2.10.1"
source = { registry = "https://pypi.org/simple" }
sdist = { url = "https://files.pythonhosted.org/packages/e7/46/bd74733ff231675599650d3e47f361794b22ef3e3770998dda30d3b63726/pyjwt-2.10.1.tar.gz", hash = "sha256:3cc5772eb20009233caf06e9d8a0577824723b44e6648ee0a2aedb6cf9381953", size = 87785, upload-time = "2024-11-28T03:43:29.933Z" }
wheels = [
    { url = "https://files.pythonhosted.org/packages/61/ad/689f02752eeec26aed679477e80e632ef1b682313be70793d798c1d5fc8f/PyJWT-2.10.1-py3-none-any.whl", hash = "sha256:dcdd193e30abefd5debf142f9adfcdd2b58004e644f25406ffaebd50bd98dacb", size = 22997, upload-time = "2024-11-28T03:43:27.893Z" },
]

[[package]]
name = "pyotp"
version = "2.9.0"
source = { registry = "https://pypi.org/simple" }
sdist = { url = "https://files.pythonhosted.org/packages/f3/b2/1d5994ba2acde054a443bd5e2d384175449c7d2b6d1a0614dbca3a63abfc/pyotp-2.9.0.tar.gz", hash = "sha256:346b6642e0dbdde3b4ff5a930b664ca82abfa116356ed48cc42c7d6590d36f63", size = 17763, upload-time = "2023-07-27T23:41:03.295Z" }
wheels = [
    { url = "https://files.pythonhosted.org/packages/c3/c0/c33c8792c3e50193ef55adb95c1c3c2786fe281123291c2dbf0eaab95a6f/pyotp-2.9.0-py3-none-any.whl", hash = "sha256:81c2e5865b8ac55e825b0358e496e1d9387c811e85bb40e71a3b29b288963612", size = 13376, upload-time = "2023-07-27T23:41:01.685Z" },
]

[[package]]
name = "python-dotenv"
version = "1.2.1"
source = { registry = "https://pypi.org/simple" }
sdist = { url = "https://files.pythonhosted.org/packages/f0/26/19cadc79a718c5edbec86fd4919a6b6d3f681039a2f6d66d14be94e75fb9/python_dotenv-1.2.1.tar.gz", hash = "sha256:42667e897e16ab0d66954af0e60a9caa94f0fd4ecf3aaf6d2d260eec1aa36ad6", size = 44221, upload-time = "2025-10-26T15:12:10.434Z" }
wheels = [
    { url = "https://files.pythonhosted.org/packages/14/1b/a298b06749107c305e1fe0f814c6c74aea7b2f1e10989cb30f544a1b3253/python_dotenv-1.2.1-py3-none-any.whl", hash = "sha256:b81ee9561e9ca4004139c6cbba3a238c32b03e4894671e181b671e8cb8425d61", size = 21230, upload-time = "2025-10-26T15:12:09.109Z" },
]

[[package]]
name = "sqlparse"
version = "0.5.3"
source = { registry = "https://pypi.org/simple" }
sdist = { url = "https://files.pythonhosted.org/packages/e5/40/edede8dd6977b0d3da179a342c198ed100dd2aba4be081861ee5911e4da4/sqlparse-0.5.3.tar.gz", hash = "sha256:09f67787f56a0b16ecdbde1bfc7f5d9c3371ca683cfeaa8e6ff60b4807ec9272", size = 84999, upload-time = "2024-12-10T12:05:30.728Z" }
wheels = [
    { url = "https://files.pythonhosted.org/packages/a9/5c/bfd6bd0bf979426d405cc6e71eceb8701b148b16c21d2dc3c261efc61c7b/sqlparse-0.5.3-py3-none-any.whl", hash = "sha256:cf2196ed3418f3ba5de6af7e82c694a9fbdbfecccdfc72e281548517081f16ca", size = 44415, upload-time = "2024-12-10T12:05:27.824Z" },
]

[[package]]
name = "tzdata"
version = "2025.2"
source = { registry = "https://pypi.org/simple" }
sdist = { url = "https://files.pythonhosted.org/packages/95/32/1a225d6164441be760d75c2c42e2780dc0873fe382da3e98a2e1e48361e5/tzdata-2025.2.tar.gz", hash = "sha256:b60a638fcc0daffadf82fe0f57e53d06bdec2f36c4df66280ae79bce6bd6f2b9", size = 196380, upload-time = "2025-03-23T13:54:43.652Z" }
wheels = [
    { url = "https://files.pythonhosted.org/packages/5c/23/c7abc0ca0a1526a0774eca151daeb8de62ec457e77262b66b359c3c7679e/tzdata-2025.2-py2.py3-none-any.whl", hash = "sha256:1a403fada01ff9221ca8044d701868fa132215d84beb92242d9acd2147f667a8", size = 347839, upload-time = "2025-03-23T13:54:41.845Z" },
]
